
Microsoft Visual Studio Solution File, Format Version 12.00
# Visual Studio Version 17
VisualStudioVersion = 17.14.36623.8 d17.14
MinimumVisualStudioVersion = 10.0.40219.1
Project("{FAE04EC0-301F-11D3-BF4B-00C04F79EFBC}") = "InlämningsUppgift2HotelDB", "InlämningsUppgift2HotelDB\InlämningsUppgift2HotelDB.csproj", "{1ACBCF3A-24A8-4DA3-972E-E8CAA97B8DB0}"
EndProject
Global
	GlobalSection(SolutionConfigurationPlatforms) = preSolution
		Debug|Any CPU = Debug|Any CPU
		Release|Any CPU = Release|Any CPU
	EndGlobalSection
	GlobalSection(ProjectConfigurationPlatforms) = postSolution
		{1ACBCF3A-24A8-4DA3-972E-E8CAA97B8DB0}.Debug|Any CPU.ActiveCfg = Debug|Any CPU
		{1ACBCF3A-24A8-4DA3-972E-E8CAA97B8DB0}.Debug|Any CPU.Build.0 = Debug|Any CPU
		{1ACBCF3A-24A8-4DA3-972E-E8CAA97B8DB0}.Release|Any CPU.ActiveCfg = Release|Any CPU
		{1ACBCF3A-24A8-4DA3-972E-E8CAA97B8DB0}.Release|Any CPU.Build.0 = Release|Any CPU
	EndGlobalSection
	GlobalSection(SolutionProperties) = preSolution
		HideSolutionNode = FALSE
	EndGlobalSection
	GlobalSection(ExtensibilityGlobals) = postSolution
		SolutionGuid = {147C46D4-FDE9-415F-A0B7-2F9400D6BADD}
	EndGlobalSection
EndGlobal
